# This file is autogenerated, do not edit; changes may be undone by the next 'dep ensure'.


[[projects]]
  name = "github.com/asaskevich/govalidator"
  packages = ["."]
  revision = "fdf19785fd3558d619ef81212f5edf1d6c2a5911"

[[projects]]
  name = "github.com/go-openapi/errors"
  packages = ["."]
  revision = "fc3f73a224499b047eda7191e5d22e1e9631e86f"

[[projects]]
  name = "github.com/go-openapi/runtime"
  packages = [".","client"]
  revision = "1d8c6bfb558482451650ea00b40dfa1129e76872"

[[projects]]
  name = "github.com/go-openapi/strfmt"
  packages = ["."]
  revision = "93a31ef21ac23f317792fff78f9539219dd74619"

[[projects]]
  name = "github.com/go-openapi/swag"
  packages = ["."]
  revision = "96d7b9ebd181a1735a1c9ac87914f2b32fbf56c9"

[[projects]]
  name = "github.com/mailru/easyjson"
  packages = ["buffer","jlexer","jwriter"]
  revision = "db88438fcabc2ff8e707a550195d3ebfc6709e9a"

[[projects]]
  name = "github.com/mitchellh/mapstructure"
  packages = ["."]
  revision = "bfdb1a85537d60bc7e954e600c250219ea497417"

[[projects]]
  name = "golang.org/x/net"
  packages = ["context","context/ctxhttp"]
  revision = "59a0b19b5533c7977ddeb86b017bf507ed407b12"

[[projects]]
  branch = "master"
  name = "golang.org/x/time"
  packages = ["rate"]
  revision = "6dc17368e09b0e8634d71cac8168d853e869a0c7"

[[projects]]
  branch = "v2"
  name = "gopkg.in/mgo.v2"
  packages = ["bson","internal/json"]
  revision = "3f83fa5005286a7fe593b055f0d7771a7dce4655"

[solve-meta]
  analyzer-name = "dep"
  analyzer-version = 1
  inputs-digest = "b9122f1b6a5573ea2e3768d5deaa8fe367191dba892a3c0c7d3c4806c991dbf7"
  solver-name = "gps-cdcl"
  solver-version = 1
